
Microsoft Visual Studio Solution File, Format Version 12.00
# Visual Studio Version 16
VisualStudioVersion = 16.0.31424.327
MinimumVisualStudioVersion = 10.0.40219.1
Project("{9A19103F-16F7-4668-BE54-9A1E7A4F7556}") = "LI.BookService", "src\LI.BookService.Web\LI.BookService.csproj", "{CD189746-FCC0-4DCF-BDCD-CD3DF5FE3F81}"
EndProject
Project("{FAE04EC0-301F-11D3-BF4B-00C04F79EFBC}") = "LI.BookService.Bll", "src\LI.BookService.Bll\LI.BookService.Bll.csproj", "{D4872D42-3464-4328-9F3C-641530F1B1A8}"
EndProject
Project("{FAE04EC0-301F-11D3-BF4B-00C04F79EFBC}") = "LI.BookService.Model", "src\LI.BookService.Model\LI.BookService.Model.csproj", "{980166DC-1BD6-4CEB-971A-F6E465C71A64}"
EndProject
Project("{FAE04EC0-301F-11D3-BF4B-00C04F79EFBC}") = "LI.BookService.Core", "src\LI.BookService.Core\LI.BookService.Core.csproj", "{6B645C01-DDFE-419F-BB31-5CCCFA94ADF3}"
EndProject
Project("{FAE04EC0-301F-11D3-BF4B-00C04F79EFBC}") = "LI.BookService.DAL", "src\LI.BookService.DAL\LI.BookService.DAL.csproj", "{01E67894-A03E-4340-818A-391F841179E4}"
EndProject
Global
	GlobalSection(SolutionConfigurationPlatforms) = preSolution
		Debug|Any CPU = Debug|Any CPU
		Release|Any CPU = Release|Any CPU
	EndGlobalSection
	GlobalSection(ProjectConfigurationPlatforms) = postSolution
		{CD189746-FCC0-4DCF-BDCD-CD3DF5FE3F81}.Debug|Any CPU.ActiveCfg = Debug|Any CPU
		{CD189746-FCC0-4DCF-BDCD-CD3DF5FE3F81}.Debug|Any CPU.Build.0 = Debug|Any CPU
		{CD189746-FCC0-4DCF-BDCD-CD3DF5FE3F81}.Release|Any CPU.ActiveCfg = Release|Any CPU
		{CD189746-FCC0-4DCF-BDCD-CD3DF5FE3F81}.Release|Any CPU.Build.0 = Release|Any CPU
		{D4872D42-3464-4328-9F3C-641530F1B1A8}.Debug|Any CPU.ActiveCfg = Debug|Any CPU
		{D4872D42-3464-4328-9F3C-641530F1B1A8}.Debug|Any CPU.Build.0 = Debug|Any CPU
		{D4872D42-3464-4328-9F3C-641530F1B1A8}.Release|Any CPU.ActiveCfg = Release|Any CPU
		{D4872D42-3464-4328-9F3C-641530F1B1A8}.Release|Any CPU.Build.0 = Release|Any CPU
		{980166DC-1BD6-4CEB-971A-F6E465C71A64}.Debug|Any CPU.ActiveCfg = Debug|Any CPU
		{980166DC-1BD6-4CEB-971A-F6E465C71A64}.Debug|Any CPU.Build.0 = Debug|Any CPU
		{980166DC-1BD6-4CEB-971A-F6E465C71A64}.Release|Any CPU.ActiveCfg = Release|Any CPU
		{980166DC-1BD6-4CEB-971A-F6E465C71A64}.Release|Any CPU.Build.0 = Release|Any CPU
		{6B645C01-DDFE-419F-BB31-5CCCFA94ADF3}.Debug|Any CPU.ActiveCfg = Debug|Any CPU
		{6B645C01-DDFE-419F-BB31-5CCCFA94ADF3}.Debug|Any CPU.Build.0 = Debug|Any CPU
		{6B645C01-DDFE-419F-BB31-5CCCFA94ADF3}.Release|Any CPU.ActiveCfg = Release|Any CPU
		{6B645C01-DDFE-419F-BB31-5CCCFA94ADF3}.Release|Any CPU.Build.0 = Release|Any CPU
		{01E67894-A03E-4340-818A-391F841179E4}.Debug|Any CPU.ActiveCfg = Debug|Any CPU
		{01E67894-A03E-4340-818A-391F841179E4}.Debug|Any CPU.Build.0 = Debug|Any CPU
		{01E67894-A03E-4340-818A-391F841179E4}.Release|Any CPU.ActiveCfg = Release|Any CPU
		{01E67894-A03E-4340-818A-391F841179E4}.Release|Any CPU.Build.0 = Release|Any CPU
	EndGlobalSection
	GlobalSection(SolutionProperties) = preSolution
		HideSolutionNode = FALSE
	EndGlobalSection
	GlobalSection(ExtensibilityGlobals) = postSolution
		SolutionGuid = {FC49C3FC-1283-434A-A5BD-EA562FB66FA0}
	EndGlobalSection
EndGlobal
